
Microsoft Visual Studio Solution File, Format Version 12.00
# Visual Studio 14
VisualStudioVersion = 14.0.24720.0
MinimumVisualStudioVersion = 10.0.40219.1
Project("{FAE04EC0-301F-11D3-BF4B-00C04F79EFBC}") = "FieldControl.CPlusSync.Core", "src\FieldControl.CPlusSync.Core\FieldControl.CPlusSync.Core.csproj", "{489D4322-D1C0-47FD-9DA9-AA1E708197FD}"
EndProject
Project("{FAE04EC0-301F-11D3-BF4B-00C04F79EFBC}") = "FieldControl.CPlusSync.ConsoleApp", "src\FieldControl.CPlusSync.ConsoleApp\FieldControl.CPlusSync.ConsoleApp.csproj", "{9594F99A-F0CB-466D-BE35-0E1723940CAE}"
EndProject
Project("{2150E333-8FDC-42A3-9474-1A3956D46DE8}") = "src", "src", "{A23D2EA3-159C-45F4-B165-038525495A4C}"
EndProject
Project("{2150E333-8FDC-42A3-9474-1A3956D46DE8}") = "test", "test", "{331A7452-8B9A-49A3-9125-02B660FB7683}"
EndProject
Global
	GlobalSection(SolutionConfigurationPlatforms) = preSolution
		Debug|Any CPU = Debug|Any CPU
		Release|Any CPU = Release|Any CPU
	EndGlobalSection
	GlobalSection(ProjectConfigurationPlatforms) = postSolution
		{489D4322-D1C0-47FD-9DA9-AA1E708197FD}.Debug|Any CPU.ActiveCfg = Debug|Any CPU
		{489D4322-D1C0-47FD-9DA9-AA1E708197FD}.Debug|Any CPU.Build.0 = Debug|Any CPU
		{489D4322-D1C0-47FD-9DA9-AA1E708197FD}.Release|Any CPU.ActiveCfg = Release|Any CPU
		{489D4322-D1C0-47FD-9DA9-AA1E708197FD}.Release|Any CPU.Build.0 = Release|Any CPU
		{9594F99A-F0CB-466D-BE35-0E1723940CAE}.Debug|Any CPU.ActiveCfg = Debug|Any CPU
		{9594F99A-F0CB-466D-BE35-0E1723940CAE}.Debug|Any CPU.Build.0 = Debug|Any CPU
		{9594F99A-F0CB-466D-BE35-0E1723940CAE}.Release|Any CPU.ActiveCfg = Release|Any CPU
		{9594F99A-F0CB-466D-BE35-0E1723940CAE}.Release|Any CPU.Build.0 = Release|Any CPU
	EndGlobalSection
	GlobalSection(SolutionProperties) = preSolution
		HideSolutionNode = FALSE
	EndGlobalSection
	GlobalSection(NestedProjects) = preSolution
		{489D4322-D1C0-47FD-9DA9-AA1E708197FD} = {A23D2EA3-159C-45F4-B165-038525495A4C}
		{9594F99A-F0CB-466D-BE35-0E1723940CAE} = {A23D2EA3-159C-45F4-B165-038525495A4C}
	EndGlobalSection
EndGlobal
