
Microsoft Visual Studio Solution File, Format Version 12.00
# Visual Studio 14
VisualStudioVersion = 14.0.24720.0
MinimumVisualStudioVersion = 10.0.40219.1
Project("{FAE04EC0-301F-11D3-BF4B-00C04F79EFBC}") = "FieldControl.CPlusSync.Core", "src\FieldControl.CPlusSync.Core\FieldControl.CPlusSync.Core.csproj", "{489D4322-D1C0-47FD-9DA9-AA1E708197FD}"
EndProject
Project("{FAE04EC0-301F-11D3-BF4B-00C04F79EFBC}") = "FieldControl.CPlusSync.ConsoleApp", "src\FieldControl.CPlusSync.ConsoleApp\FieldControl.CPlusSync.ConsoleApp.csproj", "{9594F99A-F0CB-466D-BE35-0E1723940CAE}"
EndProject
Project("{FAE04EC0-301F-11D3-BF4B-00C04F79EFBC}") = "FieldControl.CPlusSync.Core.Tests", "FieldControl.CPlusSync.Core.Tests\FieldControl.CPlusSync.Core.Tests.csproj", "{64F296D0-C857-4A5E-AF33-D52F0076846A}"
EndProject
Global
	GlobalSection(SolutionConfigurationPlatforms) = preSolution
		Debug|Any CPU = Debug|Any CPU
		Release|Any CPU = Release|Any CPU
	EndGlobalSection
	GlobalSection(ProjectConfigurationPlatforms) = postSolution
		{489D4322-D1C0-47FD-9DA9-AA1E708197FD}.Debug|Any CPU.ActiveCfg = Debug|Any CPU
		{489D4322-D1C0-47FD-9DA9-AA1E708197FD}.Debug|Any CPU.Build.0 = Debug|Any CPU
		{489D4322-D1C0-47FD-9DA9-AA1E708197FD}.Release|Any CPU.ActiveCfg = Release|Any CPU
		{489D4322-D1C0-47FD-9DA9-AA1E708197FD}.Release|Any CPU.Build.0 = Release|Any CPU
		{9594F99A-F0CB-466D-BE35-0E1723940CAE}.Debug|Any CPU.ActiveCfg = Debug|Any CPU
		{9594F99A-F0CB-466D-BE35-0E1723940CAE}.Debug|Any CPU.Build.0 = Debug|Any CPU
		{9594F99A-F0CB-466D-BE35-0E1723940CAE}.Release|Any CPU.ActiveCfg = Release|Any CPU
		{9594F99A-F0CB-466D-BE35-0E1723940CAE}.Release|Any CPU.Build.0 = Release|Any CPU
		{64F296D0-C857-4A5E-AF33-D52F0076846A}.Debug|Any CPU.ActiveCfg = Debug|Any CPU
		{64F296D0-C857-4A5E-AF33-D52F0076846A}.Debug|Any CPU.Build.0 = Debug|Any CPU
		{64F296D0-C857-4A5E-AF33-D52F0076846A}.Release|Any CPU.ActiveCfg = Release|Any CPU
		{64F296D0-C857-4A5E-AF33-D52F0076846A}.Release|Any CPU.Build.0 = Release|Any CPU
	EndGlobalSection
	GlobalSection(SolutionProperties) = preSolution
		HideSolutionNode = FALSE
	EndGlobalSection
EndGlobal
